
Microsoft Visual Studio Solution File, Format Version 12.00
# Visual Studio Version 16
VisualStudioVersion = 16.0.30907.101
MinimumVisualStudioVersion = 10.0.40219.1
Project("{FAE04EC0-301F-11D3-BF4B-00C04F79EFBC}") = "Backup_form", "Backup_form\Backup_form.csproj", "{60507EED-0F50-4FB8-AD4E-C35FAE5233DF}"
EndProject
Global
	GlobalSection(SolutionConfigurationPlatforms) = preSolution
		Debug|Any CPU = Debug|Any CPU
		Release|Any CPU = Release|Any CPU
	EndGlobalSection
	GlobalSection(ProjectConfigurationPlatforms) = postSolution
		{60507EED-0F50-4FB8-AD4E-C35FAE5233DF}.Debug|Any CPU.ActiveCfg = Debug|Any CPU
		{60507EED-0F50-4FB8-AD4E-C35FAE5233DF}.Debug|Any CPU.Build.0 = Debug|Any CPU
		{60507EED-0F50-4FB8-AD4E-C35FAE5233DF}.Release|Any CPU.ActiveCfg = Release|Any CPU
		{60507EED-0F50-4FB8-AD4E-C35FAE5233DF}.Release|Any CPU.Build.0 = Release|Any CPU
	EndGlobalSection
	GlobalSection(SolutionProperties) = preSolution
		HideSolutionNode = FALSE
	EndGlobalSection
	GlobalSection(ExtensibilityGlobals) = postSolution
		SolutionGuid = {99D88BCF-6033-4251-A7AC-ABE42B21A581}
	EndGlobalSection
EndGlobal
